
Microsoft Visual Studio Solution File, Format Version 12.00
# Visual Studio Version 16
VisualStudioVersion = 16.0.31005.135
MinimumVisualStudioVersion = 10.0.40219.1
Project("{FAE04EC0-301F-11D3-BF4B-00C04F79EFBC}") = "BBQMaker", "BBQMaker\BBQMaker.csproj", "{E9E1DC8A-6092-46B9-B1BA-4C281FAA0AEE}"
EndProject
Global
	GlobalSection(SolutionConfigurationPlatforms) = preSolution
		Debug|Any CPU = Debug|Any CPU
		Release|Any CPU = Release|Any CPU
	EndGlobalSection
	GlobalSection(ProjectConfigurationPlatforms) = postSolution
		{E9E1DC8A-6092-46B9-B1BA-4C281FAA0AEE}.Debug|Any CPU.ActiveCfg = Debug|Any CPU
		{E9E1DC8A-6092-46B9-B1BA-4C281FAA0AEE}.Debug|Any CPU.Build.0 = Debug|Any CPU
		{E9E1DC8A-6092-46B9-B1BA-4C281FAA0AEE}.Release|Any CPU.ActiveCfg = Release|Any CPU
		{E9E1DC8A-6092-46B9-B1BA-4C281FAA0AEE}.Release|Any CPU.Build.0 = Release|Any CPU
	EndGlobalSection
	GlobalSection(SolutionProperties) = preSolution
		HideSolutionNode = FALSE
	EndGlobalSection
	GlobalSection(ExtensibilityGlobals) = postSolution
		SolutionGuid = {C66BA95F-BADE-4F86-AA55-599A80AB1B86}
	EndGlobalSection
EndGlobal
